// !$*UTF8*$!
{
	archiveVersion = 1;
	classes = {
	};
	objectVersion = 46;
	objects = {

/* Begin PBXBuildFile section */
		10E5B38686FC366FE0740254 /* Pods_LoLBookOfChampions.framework in Frameworks */ = {isa = PBXBuildFile; fileRef = 16DABBDBFE2F5D83BED1E4F2 /* Pods_LoLBookOfChampions.framework */; };
		54C1804902F4FADC8E9319D9 /* Actions.swift in Sources */ = {isa = PBXBuildFile; fileRef = 54C181354250BEFC7CECE4BC /* Actions.swift */; };
		54C1860E5E2D6777D6B11218 /* LoLBookOfChampionsSmokeTestSpec.swift in Sources */ = {isa = PBXBuildFile; fileRef = 54C1882BCB50619E505EEF05 /* LoLBookOfChampionsSmokeTestSpec.swift */; };
		A506732B1B92978400448777 /* ChampionSkinCollectionViewController.swift in Sources */ = {isa = PBXBuildFile; fileRef = A506732A1B92978400448777 /* ChampionSkinCollectionViewController.swift */; };
		A50B42BD1B8F2373007CD2AC /* Signals.swift in Sources */ = {isa = PBXBuildFile; fileRef = A50B42BC1B8F2373007CD2AC /* Signals.swift */; };
		A5771ADA1B80BC8D00CD4E70 /* Alamofire.framework in Frameworks */ = {isa = PBXBuildFile; fileRef = A5771ACE1B80BC8D00CD4E70 /* Alamofire.framework */; };
		A5771ADC1B80BC8D00CD4E70 /* CocoaLumberjackSwift.framework in Frameworks */ = {isa = PBXBuildFile; fileRef = A5771AD01B80BC8D00CD4E70 /* CocoaLumberjackSwift.framework */; };
		A5771ADD1B80BC8D00CD4E70 /* fmdbframework.framework in Frameworks */ = {isa = PBXBuildFile; fileRef = A5771AD11B80BC8D00CD4E70 /* fmdbframework.framework */; };
		A5771ADE1B80BC8D00CD4E70 /* LoLDataDragonContentProvider.framework in Frameworks */ = {isa = PBXBuildFile; fileRef = A5771AD21B80BC8D00CD4E70 /* LoLDataDragonContentProvider.framework */; };
		A5771ADF1B80BC8D00CD4E70 /* ReactiveCocoa.framework in Frameworks */ = {isa = PBXBuildFile; fileRef = A5771AD31B80BC8D00CD4E70 /* ReactiveCocoa.framework */; };
		A5771AE01B80BC8D00CD4E70 /* Result.framework in Frameworks */ = {isa = PBXBuildFile; fileRef = A5771AD41B80BC8D00CD4E70 /* Result.framework */; };
		A5771AE21B80BC8D00CD4E70 /* SwiftContentProvider.framework in Frameworks */ = {isa = PBXBuildFile; fileRef = A5771AD61B80BC8D00CD4E70 /* SwiftContentProvider.framework */; };
		A5771AE31B80BC8D00CD4E70 /* SwiftProtocolsCore.framework in Frameworks */ = {isa = PBXBuildFile; fileRef = A5771AD71B80BC8D00CD4E70 /* SwiftProtocolsCore.framework */; };
		A5771AE41B80BC8D00CD4E70 /* SwiftProtocolsSQLite.framework in Frameworks */ = {isa = PBXBuildFile; fileRef = A5771AD81B80BC8D00CD4E70 /* SwiftProtocolsSQLite.framework */; };
		A5771AE51B80BC8D00CD4E70 /* Typhoon.framework in Frameworks */ = {isa = PBXBuildFile; fileRef = A5771AD91B80BC8D00CD4E70 /* Typhoon.framework */; };
		A5771AE81B80C38500CD4E70 /* CocoaLumberjack.framework in Frameworks */ = {isa = PBXBuildFile; fileRef = A5771AE71B80C38500CD4E70 /* CocoaLumberjack.framework */; };
		A5771AF61B80C46D00CD4E70 /* Alamofire.framework.dSYM in CopyFiles */ = {isa = PBXBuildFile; fileRef = A5771AEA1B80C46D00CD4E70 /* Alamofire.framework.dSYM */; };
		A5771AF71B80C46D00CD4E70 /* CocoaLumberjack.framework.dSYM in CopyFiles */ = {isa = PBXBuildFile; fileRef = A5771AEB1B80C46D00CD4E70 /* CocoaLumberjack.framework.dSYM */; };
		A5771AF81B80C46D00CD4E70 /* CocoaLumberjackSwift.framework.dSYM in CopyFiles */ = {isa = PBXBuildFile; fileRef = A5771AEC1B80C46D00CD4E70 /* CocoaLumberjackSwift.framework.dSYM */; };
		A5771AF91B80C46D00CD4E70 /* fmdbframework.framework.dSYM in CopyFiles */ = {isa = PBXBuildFile; fileRef = A5771AED1B80C46D00CD4E70 /* fmdbframework.framework.dSYM */; };
		A5771AFA1B80C46D00CD4E70 /* LoLDataDragonContentProvider.framework.dSYM in CopyFiles */ = {isa = PBXBuildFile; fileRef = A5771AEE1B80C46D00CD4E70 /* LoLDataDragonContentProvider.framework.dSYM */; };
		A5771AFB1B80C46D00CD4E70 /* ReactiveCocoa.framework.dSYM in CopyFiles */ = {isa = PBXBuildFile; fileRef = A5771AEF1B80C46D00CD4E70 /* ReactiveCocoa.framework.dSYM */; };
		A5771AFC1B80C46D00CD4E70 /* Result.framework.dSYM in CopyFiles */ = {isa = PBXBuildFile; fileRef = A5771AF01B80C46D00CD4E70 /* Result.framework.dSYM */; };
		A5771AFD1B80C46D00CD4E70 /* SwiftAdaptersFMDB.framework.dSYM in CopyFiles */ = {isa = PBXBuildFile; fileRef = A5771AF11B80C46D00CD4E70 /* SwiftAdaptersFMDB.framework.dSYM */; };
		A5771AFE1B80C46D00CD4E70 /* SwiftContentProvider.framework.dSYM in CopyFiles */ = {isa = PBXBuildFile; fileRef = A5771AF21B80C46D00CD4E70 /* SwiftContentProvider.framework.dSYM */; };
		A5771AFF1B80C46D00CD4E70 /* SwiftProtocolsCore.framework.dSYM in CopyFiles */ = {isa = PBXBuildFile; fileRef = A5771AF31B80C46D00CD4E70 /* SwiftProtocolsCore.framework.dSYM */; };
		A5771B001B80C46D00CD4E70 /* SwiftProtocolsSQLite.framework.dSYM in CopyFiles */ = {isa = PBXBuildFile; fileRef = A5771AF41B80C46D00CD4E70 /* SwiftProtocolsSQLite.framework.dSYM */; };
		A5771B011B80C46D00CD4E70 /* Typhoon.framework.dSYM in CopyFiles */ = {isa = PBXBuildFile; fileRef = A5771AF51B80C46D00CD4E70 /* Typhoon.framework.dSYM */; };
		A5771B061B80E74200CD4E70 /* Foundation.framework in Frameworks */ = {isa = PBXBuildFile; fileRef = A5771B051B80E74200CD4E70 /* Foundation.framework */; };
		A5771B091B80ED0100CD4E70 /* Images.xcassets in Resources */ = {isa = PBXBuildFile; fileRef = A5771B081B80ED0100CD4E70 /* Images.xcassets */; };
		A5771B0D1B8127E400CD4E70 /* ChampionCollectionViewController.swift in Sources */ = {isa = PBXBuildFile; fileRef = A5771B0C1B8127E400CD4E70 /* ChampionCollectionViewController.swift */; };
		A5771B0F1B81292C00CD4E70 /* SceneKit.framework in Frameworks */ = {isa = PBXBuildFile; fileRef = A5771B0E1B81292C00CD4E70 /* SceneKit.framework */; };
		A5771B111B81298500CD4E70 /* SpriteKit.framework in Frameworks */ = {isa = PBXBuildFile; fileRef = A5771B101B81298500CD4E70 /* SpriteKit.framework */; };
		A5771B131B81353D00CD4E70 /* magic.sks in Resources */ = {isa = PBXBuildFile; fileRef = A5771B121B81353D00CD4E70 /* magic.sks */; };
		A5771B161B8135F100CD4E70 /* spark.png in Resources */ = {isa = PBXBuildFile; fileRef = A5771B141B8135F100CD4E70 /* spark.png */; };
		A5771B171B8135F100CD4E70 /* spark.sks in Resources */ = {isa = PBXBuildFile; fileRef = A5771B151B8135F100CD4E70 /* spark.sks */; };
		A5771B191B81546600CD4E70 /* ApplicationAssembly.swift in Sources */ = {isa = PBXBuildFile; fileRef = A5771B181B81546600CD4E70 /* ApplicationAssembly.swift */; };
		A5771B1B1B81549600CD4E70 /* DataDragonAssembly.swift in Sources */ = {isa = PBXBuildFile; fileRef = A5771B1A1B81549600CD4E70 /* DataDragonAssembly.swift */; };
		A5771B1D1B8154CE00CD4E70 /* CoreAssembly.swift in Sources */ = {isa = PBXBuildFile; fileRef = A5771B1C1B8154CE00CD4E70 /* CoreAssembly.swift */; };
		A59F55471B881D3C00022E74 /* SwiftAdaptersFMDB.framework in Frameworks */ = {isa = PBXBuildFile; fileRef = A53C34BF1B8816E500786EAD /* SwiftAdaptersFMDB.framework */; };
		A59F554C1B88AAE000022E74 /* TyphoonContentProviderFactory.swift in Sources */ = {isa = PBXBuildFile; fileRef = A59F554B1B88AAE000022E74 /* TyphoonContentProviderFactory.swift */; };
		A59F554F1B88BEDF00022E74 /* DataDragon.plist in Resources */ = {isa = PBXBuildFile; fileRef = A59F554E1B88BEDF00022E74 /* DataDragon.plist */; };
		A5B4994E1C7E954200DA89B5 /* LoLBookOfChampionsSmokeTests.swift in Sources */ = {isa = PBXBuildFile; fileRef = A5B4994D1C7E954200DA89B5 /* LoLBookOfChampionsSmokeTests.swift */; };
		A5B499591C7E95AA00DA89B5 /* Nimble.framework in Frameworks */ = {isa = PBXBuildFile; fileRef = A5B499571C7E95AA00DA89B5 /* Nimble.framework */; };
		A5B4995A1C7E95AA00DA89B5 /* Quick.framework in Frameworks */ = {isa = PBXBuildFile; fileRef = A5B499581C7E95AA00DA89B5 /* Quick.framework */; };
		A5B4995C1C7E95F200DA89B5 /* Nimble.framework in CopyFiles */ = {isa = PBXBuildFile; fileRef = A5B499571C7E95AA00DA89B5 /* Nimble.framework */; settings = {ATTRIBUTES = (CodeSignOnCopy, RemoveHeadersOnCopy, ); }; };
		A5B4995D1C7E95F200DA89B5 /* Quick.framework in CopyFiles */ = {isa = PBXBuildFile; fileRef = A5B499581C7E95AA00DA89B5 /* Quick.framework */; settings = {ATTRIBUTES = (CodeSignOnCopy, RemoveHeadersOnCopy, ); }; };
		A5B4996D1C81E65500DA89B5 /* NimbleNogginConfiguration.swift in Sources */ = {isa = PBXBuildFile; fileRef = A5B4996C1C81E65500DA89B5 /* NimbleNogginConfiguration.swift */; };
		A5D3B0971B2FBE8300693C09 /* AppDelegate.swift in Sources */ = {isa = PBXBuildFile; fileRef = A5D3B0961B2FBE8300693C09 /* AppDelegate.swift */; };
		A5D3B09C1B2FBE8300693C09 /* Main.storyboard in Resources */ = {isa = PBXBuildFile; fileRef = A5D3B09A1B2FBE8300693C09 /* Main.storyboard */; };
		A5D3B0A11B2FBE8300693C09 /* LaunchScreen.xib in Resources */ = {isa = PBXBuildFile; fileRef = A5D3B09F1B2FBE8300693C09 /* LaunchScreen.xib */; };
		A5D3B0AD1B2FBE8300693C09 /* LoLBookOfChampionsTests.swift in Sources */ = {isa = PBXBuildFile; fileRef = A5D3B0AC1B2FBE8300693C09 /* LoLBookOfChampionsTests.swift */; };
		BEFB930B8105BB28D97AE8D5 /* Pods_LoLBookOfChampionsTests.framework in Frameworks */ = {isa = PBXBuildFile; fileRef = A1761F2F276F64DA245B5BFD /* Pods_LoLBookOfChampionsTests.framework */; settings = {ATTRIBUTES = (Weak, ); }; };
/* End PBXBuildFile section */

/* Begin PBXContainerItemProxy section */
		A53C34BE1B8816E500786EAD /* PBXContainerItemProxy */ = {
			isa = PBXContainerItemProxy;
			containerPortal = A53C34B91B8816E500786EAD /* SwiftAdaptersFMDB.xcodeproj */;
			proxyType = 2;
			remoteGlobalIDString = A53D108F1B5B45990071984E;
			remoteInfo = SwiftAdaptersFMDB;
		};
		A53C34C01B8816E500786EAD /* PBXContainerItemProxy */ = {
			isa = PBXContainerItemProxy;
			containerPortal = A53C34B91B8816E500786EAD /* SwiftAdaptersFMDB.xcodeproj */;
			proxyType = 2;
			remoteGlobalIDString = A53D10991B5B45990071984E;
			remoteInfo = SwiftAdaptersFMDBTests;
		};
		A5B499501C7E954200DA89B5 /* PBXContainerItemProxy */ = {
			isa = PBXContainerItemProxy;
			containerPortal = A5D3B0891B2FBE8300693C09 /* Project object */;
			proxyType = 1;
			remoteGlobalIDString = A5D3B0901B2FBE8300693C09;
			remoteInfo = LoLBookOfChampions;
		};
		A5D3B0A71B2FBE8300693C09 /* PBXContainerItemProxy */ = {
			isa = PBXContainerItemProxy;
			containerPortal = A5D3B0891B2FBE8300693C09 /* Project object */;
			proxyType = 1;
			remoteGlobalIDString = A5D3B0901B2FBE8300693C09;
			remoteInfo = LoLBookOfChampions;
		};
/* End PBXContainerItemProxy section */

/* Begin PBXCopyFilesBuildPhase section */
		A5771AE91B80C41E00CD4E70 /* CopyFiles */ = {
			isa = PBXCopyFilesBuildPhase;
			buildActionMask = 2147483647;
			dstPath = "";
			dstSubfolderSpec = 16;
			files = (
				A5771AF61B80C46D00CD4E70 /* Alamofire.framework.dSYM in CopyFiles */,
				A5771AF71B80C46D00CD4E70 /* CocoaLumberjack.framework.dSYM in CopyFiles */,
				A5771AF81B80C46D00CD4E70 /* CocoaLumberjackSwift.framework.dSYM in CopyFiles */,
				A5771AF91B80C46D00CD4E70 /* fmdbframework.framework.dSYM in CopyFiles */,
				A5771AFA1B80C46D00CD4E70 /* LoLDataDragonContentProvider.framework.dSYM in CopyFiles */,
				A5771AFB1B80C46D00CD4E70 /* ReactiveCocoa.framework.dSYM in CopyFiles */,
				A5771AFC1B80C46D00CD4E70 /* Result.framework.dSYM in CopyFiles */,
				A5771AFD1B80C46D00CD4E70 /* SwiftAdaptersFMDB.framework.dSYM in CopyFiles */,
				A5771AFE1B80C46D00CD4E70 /* SwiftContentProvider.framework.dSYM in CopyFiles */,
				A5771AFF1B80C46D00CD4E70 /* SwiftProtocolsCore.framework.dSYM in CopyFiles */,
				A5771B001B80C46D00CD4E70 /* SwiftProtocolsSQLite.framework.dSYM in CopyFiles */,
				A5771B011B80C46D00CD4E70 /* Typhoon.framework.dSYM in CopyFiles */,
			);
			runOnlyForDeploymentPostprocessing = 0;
		};
		A5B4995B1C7E95C700DA89B5 /* CopyFiles */ = {
			isa = PBXCopyFilesBuildPhase;
			buildActionMask = 2147483647;
			dstPath = "";
			dstSubfolderSpec = 10;
			files = (
				A5B4995C1C7E95F200DA89B5 /* Nimble.framework in CopyFiles */,
				A5B4995D1C7E95F200DA89B5 /* Quick.framework in CopyFiles */,
			);
			runOnlyForDeploymentPostprocessing = 0;
		};
/* End PBXCopyFilesBuildPhase section */

/* Begin PBXFileReference section */
		140A812125737AA6AC7B06C1 /* Pods-LoLBookOfChampions.debug.xcconfig */ = {isa = PBXFileReference; includeInIndex = 1; lastKnownFileType = text.xcconfig; name = "Pods-LoLBookOfChampions.debug.xcconfig"; path = "Pods/Target Support Files/Pods-LoLBookOfChampions/Pods-LoLBookOfChampions.debug.xcconfig"; sourceTree = "<group>"; };
		16DABBDBFE2F5D83BED1E4F2 /* Pods_LoLBookOfChampions.framework */ = {isa = PBXFileReference; explicitFileType = wrapper.framework; includeInIndex = 0; path = Pods_LoLBookOfChampions.framework; sourceTree = BUILT_PRODUCTS_DIR; };
		54C181354250BEFC7CECE4BC /* Actions.swift */ = {isa = PBXFileReference; fileEncoding = 4; lastKnownFileType = sourcecode.swift; path = Actions.swift; sourceTree = "<group>"; };
		54C1882BCB50619E505EEF05 /* LoLBookOfChampionsSmokeTestSpec.swift */ = {isa = PBXFileReference; fileEncoding = 4; lastKnownFileType = sourcecode.swift; path = LoLBookOfChampionsSmokeTestSpec.swift; sourceTree = "<group>"; };
		817912CE85F853832185BD36 /* Pods-LoLBookOfChampionsTests.release.xcconfig */ = {isa = PBXFileReference; includeInIndex = 1; lastKnownFileType = text.xcconfig; name = "Pods-LoLBookOfChampionsTests.release.xcconfig"; path = "Pods/Target Support Files/Pods-LoLBookOfChampionsTests/Pods-LoLBookOfChampionsTests.release.xcconfig"; sourceTree = "<group>"; };
		96DEE882BA24069F3C3EB983 /* Pods-LoLBookOfChampions.release.xcconfig */ = {isa = PBXFileReference; includeInIndex = 1; lastKnownFileType = text.xcconfig; name = "Pods-LoLBookOfChampions.release.xcconfig"; path = "Pods/Target Support Files/Pods-LoLBookOfChampions/Pods-LoLBookOfChampions.release.xcconfig"; sourceTree = "<group>"; };
		A1761F2F276F64DA245B5BFD /* Pods_LoLBookOfChampionsTests.framework */ = {isa = PBXFileReference; explicitFileType = wrapper.framework; includeInIndex = 0; path = Pods_LoLBookOfChampionsTests.framework; sourceTree = BUILT_PRODUCTS_DIR; };
		A506732A1B92978400448777 /* ChampionSkinCollectionViewController.swift */ = {isa = PBXFileReference; fileEncoding = 4; lastKnownFileType = sourcecode.swift; path = ChampionSkinCollectionViewController.swift; sourceTree = "<group>"; };
		A50B42BC1B8F2373007CD2AC /* Signals.swift */ = {isa = PBXFileReference; fileEncoding = 4; lastKnownFileType = sourcecode.swift; path = Signals.swift; sourceTree = "<group>"; };
		A53C34B91B8816E500786EAD /* SwiftAdaptersFMDB.xcodeproj */ = {isa = PBXFileReference; lastKnownFileType = "wrapper.pb-project"; name = SwiftAdaptersFMDB.xcodeproj; path = "Carthage/Checkouts/swift-adapters-fmdb/SwiftAdaptersFMDB.xcodeproj"; sourceTree = "<group>"; };
		A5771ACE1B80BC8D00CD4E70 /* Alamofire.framework */ = {isa = PBXFileReference; lastKnownFileType = wrapper.framework; name = Alamofire.framework; path = Carthage/Build/iOS/Alamofire.framework; sourceTree = "<group>"; };
		A5771AD01B80BC8D00CD4E70 /* CocoaLumberjackSwift.framework */ = {isa = PBXFileReference; lastKnownFileType = wrapper.framework; name = CocoaLumberjackSwift.framework; path = Carthage/Build/iOS/CocoaLumberjackSwift.framework; sourceTree = "<group>"; };
		A5771AD11B80BC8D00CD4E70 /* fmdbframework.framework */ = {isa = PBXFileReference; lastKnownFileType = wrapper.framework; name = fmdbframework.framework; path = Carthage/Build/iOS/fmdbframework.framework; sourceTree = "<group>"; };
		A5771AD21B80BC8D00CD4E70 /* LoLDataDragonContentProvider.framework */ = {isa = PBXFileReference; lastKnownFileType = wrapper.framework; name = LoLDataDragonContentProvider.framework; path = Carthage/Build/iOS/LoLDataDragonContentProvider.framework; sourceTree = "<group>"; };
		A5771AD31B80BC8D00CD4E70 /* ReactiveCocoa.framework */ = {isa = PBXFileReference; lastKnownFileType = wrapper.framework; name = ReactiveCocoa.framework; path = Carthage/Build/iOS/ReactiveCocoa.framework; sourceTree = "<group>"; };
		A5771AD41B80BC8D00CD4E70 /* Result.framework */ = {isa = PBXFileReference; lastKnownFileType = wrapper.framework; name = Result.framework; path = Carthage/Build/iOS/Result.framework; sourceTree = "<group>"; };
		A5771AD61B80BC8D00CD4E70 /* SwiftContentProvider.framework */ = {isa = PBXFileReference; lastKnownFileType = wrapper.framework; name = SwiftContentProvider.framework; path = Carthage/Build/iOS/SwiftContentProvider.framework; sourceTree = "<group>"; };
		A5771AD71B80BC8D00CD4E70 /* SwiftProtocolsCore.framework */ = {isa = PBXFileReference; lastKnownFileType = wrapper.framework; name = SwiftProtocolsCore.framework; path = Carthage/Build/iOS/SwiftProtocolsCore.framework; sourceTree = "<group>"; };
		A5771AD81B80BC8D00CD4E70 /* SwiftProtocolsSQLite.framework */ = {isa = PBXFileReference; lastKnownFileType = wrapper.framework; name = SwiftProtocolsSQLite.framework; path = Carthage/Build/iOS/SwiftProtocolsSQLite.framework; sourceTree = "<group>"; };
		A5771AD91B80BC8D00CD4E70 /* Typhoon.framework */ = {isa = PBXFileReference; lastKnownFileType = wrapper.framework; name = Typhoon.framework; path = Carthage/Build/iOS/Typhoon.framework; sourceTree = "<group>"; };
		A5771AE71B80C38500CD4E70 /* CocoaLumberjack.framework */ = {isa = PBXFileReference; lastKnownFileType = wrapper.framework; name = CocoaLumberjack.framework; path = Carthage/Build/iOS/CocoaLumberjack.framework; sourceTree = "<group>"; };
		A5771AEA1B80C46D00CD4E70 /* Alamofire.framework.dSYM */ = {isa = PBXFileReference; lastKnownFileType = wrapper.dsym; name = Alamofire.framework.dSYM; path = Carthage/Build/iOS/Alamofire.framework.dSYM; sourceTree = "<group>"; };
		A5771AEB1B80C46D00CD4E70 /* CocoaLumberjack.framework.dSYM */ = {isa = PBXFileReference; lastKnownFileType = wrapper.dsym; name = CocoaLumberjack.framework.dSYM; path = Carthage/Build/iOS/CocoaLumberjack.framework.dSYM; sourceTree = "<group>"; };
		A5771AEC1B80C46D00CD4E70 /* CocoaLumberjackSwift.framework.dSYM */ = {isa = PBXFileReference; lastKnownFileType = wrapper.dsym; name = CocoaLumberjackSwift.framework.dSYM; path = Carthage/Build/iOS/CocoaLumberjackSwift.framework.dSYM; sourceTree = "<group>"; };
		A5771AED1B80C46D00CD4E70 /* fmdbframework.framework.dSYM */ = {isa = PBXFileReference; lastKnownFileType = wrapper.dsym; name = fmdbframework.framework.dSYM; path = Carthage/Build/iOS/fmdbframework.framework.dSYM; sourceTree = "<group>"; };
		A5771AEE1B80C46D00CD4E70 /* LoLDataDragonContentProvider.framework.dSYM */ = {isa = PBXFileReference; lastKnownFileType = wrapper.dsym; name = LoLDataDragonContentProvider.framework.dSYM; path = Carthage/Build/iOS/LoLDataDragonContentProvider.framework.dSYM; sourceTree = "<group>"; };
		A5771AEF1B80C46D00CD4E70 /* ReactiveCocoa.framework.dSYM */ = {isa = PBXFileReference; lastKnownFileType = wrapper.dsym; name = ReactiveCocoa.framework.dSYM; path = Carthage/Build/iOS/ReactiveCocoa.framework.dSYM; sourceTree = "<group>"; };
		A5771AF01B80C46D00CD4E70 /* Result.framework.dSYM */ = {isa = PBXFileReference; lastKnownFileType = wrapper.dsym; name = Result.framework.dSYM; path = Carthage/Build/iOS/Result.framework.dSYM; sourceTree = "<group>"; };
		A5771AF11B80C46D00CD4E70 /* SwiftAdaptersFMDB.framework.dSYM */ = {isa = PBXFileReference; lastKnownFileType = wrapper.dsym; name = SwiftAdaptersFMDB.framework.dSYM; path = Carthage/Build/iOS/SwiftAdaptersFMDB.framework.dSYM; sourceTree = "<group>"; };
		A5771AF21B80C46D00CD4E70 /* SwiftContentProvider.framework.dSYM */ = {isa = PBXFileReference; lastKnownFileType = wrapper.dsym; name = SwiftContentProvider.framework.dSYM; path = Carthage/Build/iOS/SwiftContentProvider.framework.dSYM; sourceTree = "<group>"; };
		A5771AF31B80C46D00CD4E70 /* SwiftProtocolsCore.framework.dSYM */ = {isa = PBXFileReference; lastKnownFileType = wrapper.dsym; name = SwiftProtocolsCore.framework.dSYM; path = Carthage/Build/iOS/SwiftProtocolsCore.framework.dSYM; sourceTree = "<group>"; };
		A5771AF41B80C46D00CD4E70 /* SwiftProtocolsSQLite.framework.dSYM */ = {isa = PBXFileReference; lastKnownFileType = wrapper.dsym; name = SwiftProtocolsSQLite.framework.dSYM; path = Carthage/Build/iOS/SwiftProtocolsSQLite.framework.dSYM; sourceTree = "<group>"; };
		A5771AF51B80C46D00CD4E70 /* Typhoon.framework.dSYM */ = {isa = PBXFileReference; lastKnownFileType = wrapper.dsym; name = Typhoon.framework.dSYM; path = Carthage/Build/iOS/Typhoon.framework.dSYM; sourceTree = "<group>"; };
		A5771B051B80E74200CD4E70 /* Foundation.framework */ = {isa = PBXFileReference; lastKnownFileType = wrapper.framework; name = Foundation.framework; path = System/Library/Frameworks/Foundation.framework; sourceTree = SDKROOT; };
		A5771B081B80ED0100CD4E70 /* Images.xcassets */ = {isa = PBXFileReference; lastKnownFileType = folder.assetcatalog; path = Images.xcassets; sourceTree = "<group>"; };
		A5771B0C1B8127E400CD4E70 /* ChampionCollectionViewController.swift */ = {isa = PBXFileReference; fileEncoding = 4; lastKnownFileType = sourcecode.swift; path = ChampionCollectionViewController.swift; sourceTree = "<group>"; };
		A5771B0E1B81292C00CD4E70 /* SceneKit.framework */ = {isa = PBXFileReference; lastKnownFileType = wrapper.framework; name = SceneKit.framework; path = System/Library/Frameworks/SceneKit.framework; sourceTree = SDKROOT; };
		A5771B101B81298500CD4E70 /* SpriteKit.framework */ = {isa = PBXFileReference; lastKnownFileType = wrapper.framework; name = SpriteKit.framework; path = System/Library/Frameworks/SpriteKit.framework; sourceTree = SDKROOT; };
		A5771B121B81353D00CD4E70 /* magic.sks */ = {isa = PBXFileReference; lastKnownFileType = file.sks; name = magic.sks; path = LoLBookOfChampions/resources/magic.sks; sourceTree = SOURCE_ROOT; };
		A5771B141B8135F100CD4E70 /* spark.png */ = {isa = PBXFileReference; lastKnownFileType = image.png; name = spark.png; path = LoLBookOfChampions/resources/spark.png; sourceTree = SOURCE_ROOT; };
		A5771B151B8135F100CD4E70 /* spark.sks */ = {isa = PBXFileReference; lastKnownFileType = file.sks; name = spark.sks; path = LoLBookOfChampions/resources/spark.sks; sourceTree = SOURCE_ROOT; };
		A5771B181B81546600CD4E70 /* ApplicationAssembly.swift */ = {isa = PBXFileReference; fileEncoding = 4; lastKnownFileType = sourcecode.swift; path = ApplicationAssembly.swift; sourceTree = "<group>"; };
		A5771B1A1B81549600CD4E70 /* DataDragonAssembly.swift */ = {isa = PBXFileReference; fileEncoding = 4; lastKnownFileType = sourcecode.swift; path = DataDragonAssembly.swift; sourceTree = "<group>"; };
		A5771B1C1B8154CE00CD4E70 /* CoreAssembly.swift */ = {isa = PBXFileReference; fileEncoding = 4; lastKnownFileType = sourcecode.swift; path = CoreAssembly.swift; sourceTree = "<group>"; };
		A579BE241B87C0810085AA24 /* LoLBookOfChampions-Bridging-Header.h */ = {isa = PBXFileReference; lastKnownFileType = sourcecode.c.h; path = "LoLBookOfChampions-Bridging-Header.h"; sourceTree = "<group>"; };
		A59F55451B881D2700022E74 /* SwiftAdaptersFMDB.framework */ = {isa = PBXFileReference; lastKnownFileType = wrapper.framework; name = SwiftAdaptersFMDB.framework; path = Carthage/Build/iOS/SwiftAdaptersFMDB.framework; sourceTree = "<group>"; };
		A59F554B1B88AAE000022E74 /* TyphoonContentProviderFactory.swift */ = {isa = PBXFileReference; fileEncoding = 4; lastKnownFileType = sourcecode.swift; path = TyphoonContentProviderFactory.swift; sourceTree = "<group>"; };
		A59F554E1B88BEDF00022E74 /* DataDragon.plist */ = {isa = PBXFileReference; fileEncoding = 4; lastKnownFileType = text.plist.xml; path = DataDragon.plist; sourceTree = "<group>"; };
		A5B4994B1C7E954200DA89B5 /* LoLBookOfChampionsUITests.xctest */ = {isa = PBXFileReference; explicitFileType = wrapper.cfbundle; includeInIndex = 0; path = LoLBookOfChampionsUITests.xctest; sourceTree = BUILT_PRODUCTS_DIR; };
		A5B4994D1C7E954200DA89B5 /* LoLBookOfChampionsSmokeTests.swift */ = {isa = PBXFileReference; lastKnownFileType = sourcecode.swift; path = LoLBookOfChampionsSmokeTests.swift; sourceTree = "<group>"; };
		A5B4994F1C7E954200DA89B5 /* Info.plist */ = {isa = PBXFileReference; lastKnownFileType = text.plist.xml; path = Info.plist; sourceTree = "<group>"; };
		A5B499571C7E95AA00DA89B5 /* Nimble.framework */ = {isa = PBXFileReference; lastKnownFileType = wrapper.framework; name = Nimble.framework; path = Carthage/Build/iOS/Nimble.framework; sourceTree = "<group>"; };
		A5B499581C7E95AA00DA89B5 /* Quick.framework */ = {isa = PBXFileReference; lastKnownFileType = wrapper.framework; name = Quick.framework; path = Carthage/Build/iOS/Quick.framework; sourceTree = "<group>"; };
		A5B4996C1C81E65500DA89B5 /* NimbleNogginConfiguration.swift */ = {isa = PBXFileReference; fileEncoding = 4; lastKnownFileType = sourcecode.swift; path = NimbleNogginConfiguration.swift; sourceTree = "<group>"; };
		A5D3B0911B2FBE8300693C09 /* LoLBookOfChampions.app */ = {isa = PBXFileReference; explicitFileType = wrapper.application; includeInIndex = 0; path = LoLBookOfChampions.app; sourceTree = BUILT_PRODUCTS_DIR; };
		A5D3B0951B2FBE8300693C09 /* Info.plist */ = {isa = PBXFileReference; lastKnownFileType = text.plist.xml; path = Info.plist; sourceTree = "<group>"; };
		A5D3B0961B2FBE8300693C09 /* AppDelegate.swift */ = {isa = PBXFileReference; lastKnownFileType = sourcecode.swift; path = AppDelegate.swift; sourceTree = "<group>"; };
		A5D3B09B1B2FBE8300693C09 /* Base */ = {isa = PBXFileReference; lastKnownFileType = file.storyboard; name = Base; path = Base.lproj/Main.storyboard; sourceTree = "<group>"; };
		A5D3B0A01B2FBE8300693C09 /* Base */ = {isa = PBXFileReference; lastKnownFileType = file.xib; name = Base; path = Base.lproj/LaunchScreen.xib; sourceTree = "<group>"; };
		A5D3B0A61B2FBE8300693C09 /* LoLBookOfChampionsTests.xctest */ = {isa = PBXFileReference; explicitFileType = wrapper.cfbundle; includeInIndex = 0; path = LoLBookOfChampionsTests.xctest; sourceTree = BUILT_PRODUCTS_DIR; };
		A5D3B0AB1B2FBE8300693C09 /* Info.plist */ = {isa = PBXFileReference; lastKnownFileType = text.plist.xml; path = Info.plist; sourceTree = "<group>"; };
		A5D3B0AC1B2FBE8300693C09 /* LoLBookOfChampionsTests.swift */ = {isa = PBXFileReference; lastKnownFileType = sourcecode.swift; path = LoLBookOfChampionsTests.swift; sourceTree = "<group>"; };
		DB1ED2ECF917FF3716FDBB22 /* Pods-LoLBookOfChampionsTests.debug.xcconfig */ = {isa = PBXFileReference; includeInIndex = 1; lastKnownFileType = text.xcconfig; name = "Pods-LoLBookOfChampionsTests.debug.xcconfig"; path = "Pods/Target Support Files/Pods-LoLBookOfChampionsTests/Pods-LoLBookOfChampionsTests.debug.xcconfig"; sourceTree = "<group>"; };
/* End PBXFileReference section */

/* Begin PBXFrameworksBuildPhase section */
		A5B499481C7E954200DA89B5 /* Frameworks */ = {
			isa = PBXFrameworksBuildPhase;
			buildActionMask = 2147483647;
			files = (
				A5B499591C7E95AA00DA89B5 /* Nimble.framework in Frameworks */,
				A5B4995A1C7E95AA00DA89B5 /* Quick.framework in Frameworks */,
			);
			runOnlyForDeploymentPostprocessing = 0;
		};
		A5D3B08E1B2FBE8300693C09 /* Frameworks */ = {
			isa = PBXFrameworksBuildPhase;
			buildActionMask = 2147483647;
			files = (
				A59F55471B881D3C00022E74 /* SwiftAdaptersFMDB.framework in Frameworks */,
				A5771B061B80E74200CD4E70 /* Foundation.framework in Frameworks */,
				A5771B0F1B81292C00CD4E70 /* SceneKit.framework in Frameworks */,
				A5771B111B81298500CD4E70 /* SpriteKit.framework in Frameworks */,
				A5771AE31B80BC8D00CD4E70 /* SwiftProtocolsCore.framework in Frameworks */,
				A5771ADE1B80BC8D00CD4E70 /* LoLDataDragonContentProvider.framework in Frameworks */,
				A5771AE41B80BC8D00CD4E70 /* SwiftProtocolsSQLite.framework in Frameworks */,
				A5771ADC1B80BC8D00CD4E70 /* CocoaLumberjackSwift.framework in Frameworks */,
				A5771ADD1B80BC8D00CD4E70 /* fmdbframework.framework in Frameworks */,
				A5771AE01B80BC8D00CD4E70 /* Result.framework in Frameworks */,
				A5771AE21B80BC8D00CD4E70 /* SwiftContentProvider.framework in Frameworks */,
				A5771AE51B80BC8D00CD4E70 /* Typhoon.framework in Frameworks */,
				10E5B38686FC366FE0740254 /* Pods_LoLBookOfChampions.framework in Frameworks */,
				A5771ADF1B80BC8D00CD4E70 /* ReactiveCocoa.framework in Frameworks */,
				A5771AE81B80C38500CD4E70 /* CocoaLumberjack.framework in Frameworks */,
				A5771ADA1B80BC8D00CD4E70 /* Alamofire.framework in Frameworks */,
			);
			runOnlyForDeploymentPostprocessing = 0;
		};
		A5D3B0A31B2FBE8300693C09 /* Frameworks */ = {
			isa = PBXFrameworksBuildPhase;
			buildActionMask = 2147483647;
			files = (
				BEFB930B8105BB28D97AE8D5 /* Pods_LoLBookOfChampionsTests.framework in Frameworks */,
			);
			runOnlyForDeploymentPostprocessing = 0;
		};
/* End PBXFrameworksBuildPhase section */

/* Begin PBXGroup section */
		6E54EF91259F91CA1505B97D /* Pods */ = {
			isa = PBXGroup;
			children = (
				A53C34B91B8816E500786EAD /* SwiftAdaptersFMDB.xcodeproj */,
				140A812125737AA6AC7B06C1 /* Pods-LoLBookOfChampions.debug.xcconfig */,
				96DEE882BA24069F3C3EB983 /* Pods-LoLBookOfChampions.release.xcconfig */,
				DB1ED2ECF917FF3716FDBB22 /* Pods-LoLBookOfChampionsTests.debug.xcconfig */,
				817912CE85F853832185BD36 /* Pods-LoLBookOfChampionsTests.release.xcconfig */,
			);
			name = Pods;
			sourceTree = "<group>";
		};
		A50B42BB1B8DD176007CD2AC /* util */ = {
			isa = PBXGroup;
			children = (
				A50B42BC1B8F2373007CD2AC /* Signals.swift */,
				54C181354250BEFC7CECE4BC /* Actions.swift */,
			);
			path = util;
			sourceTree = "<group>";
		};
		A53C34BA1B8816E500786EAD /* Products */ = {
			isa = PBXGroup;
			children = (
				A53C34BF1B8816E500786EAD /* SwiftAdaptersFMDB.framework */,
				A53C34C11B8816E500786EAD /* SwiftAdaptersFMDBTests.xctest */,
			);
			name = Products;
			sourceTree = "<group>";
		};
		A5771B071B80ED0100CD4E70 /* resources */ = {
			isa = PBXGroup;
			children = (
				A5771B081B80ED0100CD4E70 /* Images.xcassets */,
				A5771B121B81353D00CD4E70 /* magic.sks */,
				A5771B141B8135F100CD4E70 /* spark.png */,
				A5771B151B8135F100CD4E70 /* spark.sks */,
			);
			name = resources;
			path = Resources;
			sourceTree = "<group>";
		};
		A5771B0A1B81267600CD4E70 /* module */ = {
			isa = PBXGroup;
			children = (
				A5771B181B81546600CD4E70 /* ApplicationAssembly.swift */,
				A5771B1C1B8154CE00CD4E70 /* CoreAssembly.swift */,
				A59F554E1B88BEDF00022E74 /* DataDragon.plist */,
				A5771B1A1B81549600CD4E70 /* DataDragonAssembly.swift */,
				A59F554B1B88AAE000022E74 /* TyphoonContentProviderFactory.swift */,
			);
			path = module;
			sourceTree = "<group>";
		};
		A5771B0B1B81267600CD4E70 /* view */ = {
			isa = PBXGroup;
			children = (
				A5D3B09F1B2FBE8300693C09 /* LaunchScreen.xib */,
				A5D3B09A1B2FBE8300693C09 /* Main.storyboard */,
				A5771B0C1B8127E400CD4E70 /* ChampionCollectionViewController.swift */,
				A506732A1B92978400448777 /* ChampionSkinCollectionViewController.swift */,
			);
			path = view;
			sourceTree = "<group>";
		};
		A5B4994C1C7E954200DA89B5 /* LoLBookOfChampionsUITests */ = {
			isa = PBXGroup;
			children = (
				A5B4996B1C81E65500DA89B5 /* util */,
				A5B4994F1C7E954200DA89B5 /* Info.plist */,
				A5B4994D1C7E954200DA89B5 /* LoLBookOfChampionsSmokeTests.swift */,
				54C1882BCB50619E505EEF05 /* LoLBookOfChampionsSmokeTestSpec.swift */,
			);
			path = LoLBookOfChampionsUITests;
			sourceTree = "<group>";
		};
		A5B4996B1C81E65500DA89B5 /* util */ = {
			isa = PBXGroup;
			children = (
				A5B4996C1C81E65500DA89B5 /* NimbleNogginConfiguration.swift */,
			);
			path = util;
			sourceTree = "<group>";
		};
		A5D3B0881B2FBE8300693C09 = {
			isa = PBXGroup;
			children = (
				A5771AEA1B80C46D00CD4E70 /* Alamofire.framework.dSYM */,
				A5771AEB1B80C46D00CD4E70 /* CocoaLumberjack.framework.dSYM */,
				A5771AEC1B80C46D00CD4E70 /* CocoaLumberjackSwift.framework.dSYM */,
				A5771AED1B80C46D00CD4E70 /* fmdbframework.framework.dSYM */,
				A5771AEE1B80C46D00CD4E70 /* LoLDataDragonContentProvider.framework.dSYM */,
				A5771AEF1B80C46D00CD4E70 /* ReactiveCocoa.framework.dSYM */,
				A5771AF01B80C46D00CD4E70 /* Result.framework.dSYM */,
				A5771AF11B80C46D00CD4E70 /* SwiftAdaptersFMDB.framework.dSYM */,
				A5771AF21B80C46D00CD4E70 /* SwiftContentProvider.framework.dSYM */,
				A5771AF31B80C46D00CD4E70 /* SwiftProtocolsCore.framework.dSYM */,
				A5771AF41B80C46D00CD4E70 /* SwiftProtocolsSQLite.framework.dSYM */,
				A5771AF51B80C46D00CD4E70 /* Typhoon.framework.dSYM */,
				A5D3B0931B2FBE8300693C09 /* LoLBookOfChampions */,
				A5D3B0A91B2FBE8300693C09 /* LoLBookOfChampionsTests */,
				A5B4994C1C7E954200DA89B5 /* LoLBookOfChampionsUITests */,
				A5D3B0921B2FBE8300693C09 /* Products */,
				6E54EF91259F91CA1505B97D /* Pods */,
				D21DCE71F4088158E1B3EFD3 /* Frameworks */,
			);
			sourceTree = "<group>";
		};
		A5D3B0921B2FBE8300693C09 /* Products */ = {
			isa = PBXGroup;
			children = (
				A5D3B0911B2FBE8300693C09 /* LoLBookOfChampions.app */,
				A5D3B0A61B2FBE8300693C09 /* LoLBookOfChampionsTests.xctest */,
				A5B4994B1C7E954200DA89B5 /* LoLBookOfChampionsUITests.xctest */,
			);
			name = Products;
			sourceTree = "<group>";
		};
		A5D3B0931B2FBE8300693C09 /* LoLBookOfChampions */ = {
			isa = PBXGroup;
			children = (
				A5771B0A1B81267600CD4E70 /* module */,
				A5771B071B80ED0100CD4E70 /* resources */,
				A5D3B0941B2FBE8300693C09 /* Supporting Files */,
				A50B42BB1B8DD176007CD2AC /* util */,
				A5771B0B1B81267600CD4E70 /* view */,
				A5D3B0961B2FBE8300693C09 /* AppDelegate.swift */,
			);
			path = LoLBookOfChampions;
			sourceTree = "<group>";
		};
		A5D3B0941B2FBE8300693C09 /* Supporting Files */ = {
			isa = PBXGroup;
			children = (
				A5D3B0951B2FBE8300693C09 /* Info.plist */,
				A579BE241B87C0810085AA24 /* LoLBookOfChampions-Bridging-Header.h */,
			);
			path = "Supporting Files";
			sourceTree = "<group>";
		};
		A5D3B0A91B2FBE8300693C09 /* LoLBookOfChampionsTests */ = {
			isa = PBXGroup;
			children = (
				A5D3B0AC1B2FBE8300693C09 /* LoLBookOfChampionsTests.swift */,
				A5D3B0AA1B2FBE8300693C09 /* Supporting Files */,
			);
			path = LoLBookOfChampionsTests;
			sourceTree = "<group>";
		};
		A5D3B0AA1B2FBE8300693C09 /* Supporting Files */ = {
			isa = PBXGroup;
			children = (
				A5D3B0AB1B2FBE8300693C09 /* Info.plist */,
			);
			name = "Supporting Files";
			sourceTree = "<group>";
		};
		D21DCE71F4088158E1B3EFD3 /* Frameworks */ = {
			isa = PBXGroup;
			children = (
				A5B499571C7E95AA00DA89B5 /* Nimble.framework */,
				A5B499581C7E95AA00DA89B5 /* Quick.framework */,
				A59F55451B881D2700022E74 /* SwiftAdaptersFMDB.framework */,
				A5771B101B81298500CD4E70 /* SpriteKit.framework */,
				A5771B0E1B81292C00CD4E70 /* SceneKit.framework */,
				A5771B051B80E74200CD4E70 /* Foundation.framework */,
				16DABBDBFE2F5D83BED1E4F2 /* Pods_LoLBookOfChampions.framework */,
				A1761F2F276F64DA245B5BFD /* Pods_LoLBookOfChampionsTests.framework */,
				A5771ACE1B80BC8D00CD4E70 /* Alamofire.framework */,
				A5771AE71B80C38500CD4E70 /* CocoaLumberjack.framework */,
				A5771AD01B80BC8D00CD4E70 /* CocoaLumberjackSwift.framework */,
				A5771AD11B80BC8D00CD4E70 /* fmdbframework.framework */,
				A5771AD21B80BC8D00CD4E70 /* LoLDataDragonContentProvider.framework */,
				A5771AD31B80BC8D00CD4E70 /* ReactiveCocoa.framework */,
				A5771AD41B80BC8D00CD4E70 /* Result.framework */,
				A5771AD61B80BC8D00CD4E70 /* SwiftContentProvider.framework */,
				A5771AD71B80BC8D00CD4E70 /* SwiftProtocolsCore.framework */,
				A5771AD81B80BC8D00CD4E70 /* SwiftProtocolsSQLite.framework */,
				A5771AD91B80BC8D00CD4E70 /* Typhoon.framework */,
			);
			name = Frameworks;
			sourceTree = "<group>";
		};
/* End PBXGroup section */

/* Begin PBXNativeTarget section */
		A5B4994A1C7E954200DA89B5 /* LoLBookOfChampionsUITests */ = {
			isa = PBXNativeTarget;
			buildConfigurationList = A5B499561C7E954200DA89B5 /* Build configuration list for PBXNativeTarget "LoLBookOfChampionsUITests" */;
			buildPhases = (
				A5B499471C7E954200DA89B5 /* Sources */,
				A5B499481C7E954200DA89B5 /* Frameworks */,
				A5B499491C7E954200DA89B5 /* Resources */,
				A5B4995B1C7E95C700DA89B5 /* CopyFiles */,
			);
			buildRules = (
			);
			dependencies = (
				A5B499511C7E954200DA89B5 /* PBXTargetDependency */,
			);
			name = LoLBookOfChampionsUITests;
			productName = LoLBookOfChampionsUITests;
			productReference = A5B4994B1C7E954200DA89B5 /* LoLBookOfChampionsUITests.xctest */;
			productType = "com.apple.product-type.bundle.ui-testing";
		};
		A5D3B0901B2FBE8300693C09 /* LoLBookOfChampions */ = {
			isa = PBXNativeTarget;
			buildConfigurationList = A5D3B0B01B2FBE8300693C09 /* Build configuration list for PBXNativeTarget "LoLBookOfChampions" */;
			buildPhases = (
				13DE558E8365AEBED80FFE03 /* Check Pods Manifest.lock */,
				A5D3B08D1B2FBE8300693C09 /* Sources */,
				A5D3B08E1B2FBE8300693C09 /* Frameworks */,
				A5D3B08F1B2FBE8300693C09 /* Resources */,
				3F0C51540019C5BDDB179487 /* Embed Pods Frameworks */,
				F058B72AB1689809050D8730 /* Copy Pods Resources */,
				A5771AE61B80C26500CD4E70 /* ShellScript */,
				A5771AE91B80C41E00CD4E70 /* CopyFiles */,
			);
			buildRules = (
			);
			dependencies = (
			);
			name = LoLBookOfChampions;
			productName = LoLBookOfChampions;
			productReference = A5D3B0911B2FBE8300693C09 /* LoLBookOfChampions.app */;
			productType = "com.apple.product-type.application";
		};
		A5D3B0A51B2FBE8300693C09 /* LoLBookOfChampionsTests */ = {
			isa = PBXNativeTarget;
			buildConfigurationList = A5D3B0B31B2FBE8300693C09 /* Build configuration list for PBXNativeTarget "LoLBookOfChampionsTests" */;
			buildPhases = (
				228EDCFEA995EB27BDC18CE5 /* Check Pods Manifest.lock */,
				A5D3B0A21B2FBE8300693C09 /* Sources */,
				A5D3B0A31B2FBE8300693C09 /* Frameworks */,
				A5D3B0A41B2FBE8300693C09 /* Resources */,
				B241B7F48F870FFADA5E9E7B /* Embed Pods Frameworks */,
				2F9D31D90C6D1CF2276E1766 /* Copy Pods Resources */,
			);
			buildRules = (
			);
			dependencies = (
				A5D3B0A81B2FBE8300693C09 /* PBXTargetDependency */,
			);
			name = LoLBookOfChampionsTests;
			productName = LoLBookOfChampionsTests;
			productReference = A5D3B0A61B2FBE8300693C09 /* LoLBookOfChampionsTests.xctest */;
			productType = "com.apple.product-type.bundle.unit-test";
		};
/* End PBXNativeTarget section */

/* Begin PBXProject section */
		A5D3B0891B2FBE8300693C09 /* Project object */ = {
			isa = PBXProject;
			attributes = {
				LastSwiftUpdateCheck = 0720;
				LastUpgradeCheck = 0630;
				ORGANIZATIONNAME = NimbleNoggin.io;
				TargetAttributes = {
					A5B4994A1C7E954200DA89B5 = {
						CreatedOnToolsVersion = 7.2.1;
						TestTargetID = A5D3B0901B2FBE8300693C09;
					};
					A5D3B0901B2FBE8300693C09 = {
						CreatedOnToolsVersion = 6.3.2;
						DevelopmentTeam = FB4Z23VQUS;
					};
					A5D3B0A51B2FBE8300693C09 = {
						CreatedOnToolsVersion = 6.3.2;
						TestTargetID = A5D3B0901B2FBE8300693C09;
					};
				};
			};
			buildConfigurationList = A5D3B08C1B2FBE8300693C09 /* Build configuration list for PBXProject "LoLBookOfChampions" */;
			compatibilityVersion = "Xcode 3.2";
			developmentRegion = English;
			hasScannedForEncodings = 0;
			knownRegions = (
				en,
				Base,
			);
			mainGroup = A5D3B0881B2FBE8300693C09;
			productRefGroup = A5D3B0921B2FBE8300693C09 /* Products */;
			projectDirPath = "";
			projectReferences = (
				{
					ProductGroup = A53C34BA1B8816E500786EAD /* Products */;
					ProjectRef = A53C34B91B8816E500786EAD /* SwiftAdaptersFMDB.xcodeproj */;
				},
			);
			projectRoot = "";
			targets = (
				A5D3B0901B2FBE8300693C09 /* LoLBookOfChampions */,
				A5D3B0A51B2FBE8300693C09 /* LoLBookOfChampionsTests */,
				A5B4994A1C7E954200DA89B5 /* LoLBookOfChampionsUITests */,
			);
		};
/* End PBXProject section */

/* Begin PBXReferenceProxy section */
		A53C34BF1B8816E500786EAD /* SwiftAdaptersFMDB.framework */ = {
			isa = PBXReferenceProxy;
			fileType = wrapper.framework;
			path = SwiftAdaptersFMDB.framework;
			remoteRef = A53C34BE1B8816E500786EAD /* PBXContainerItemProxy */;
			sourceTree = BUILT_PRODUCTS_DIR;
		};
		A53C34C11B8816E500786EAD /* SwiftAdaptersFMDBTests.xctest */ = {
			isa = PBXReferenceProxy;
			fileType = wrapper.cfbundle;
			path = SwiftAdaptersFMDBTests.xctest;
			remoteRef = A53C34C01B8816E500786EAD /* PBXContainerItemProxy */;
			sourceTree = BUILT_PRODUCTS_DIR;
		};
/* End PBXReferenceProxy section */

/* Begin PBXResourcesBuildPhase section */
		A5B499491C7E954200DA89B5 /* Resources */ = {
			isa = PBXResourcesBuildPhase;
			buildActionMask = 2147483647;
			files = (
			);
			runOnlyForDeploymentPostprocessing = 0;
		};
		A5D3B08F1B2FBE8300693C09 /* Resources */ = {
			isa = PBXResourcesBuildPhase;
			buildActionMask = 2147483647;
			files = (
				A5771B161B8135F100CD4E70 /* spark.png in Resources */,
				A5771B171B8135F100CD4E70 /* spark.sks in Resources */,
				A5D3B09C1B2FBE8300693C09 /* Main.storyboard in Resources */,
				A59F554F1B88BEDF00022E74 /* DataDragon.plist in Resources */,
				A5771B131B81353D00CD4E70 /* magic.sks in Resources */,
				A5771B091B80ED0100CD4E70 /* Images.xcassets in Resources */,
				A5D3B0A11B2FBE8300693C09 /* LaunchScreen.xib in Resources */,
			);
			runOnlyForDeploymentPostprocessing = 0;
		};
		A5D3B0A41B2FBE8300693C09 /* Resources */ = {
			isa = PBXResourcesBuildPhase;
			buildActionMask = 2147483647;
			files = (
			);
			runOnlyForDeploymentPostprocessing = 0;
		};
/* End PBXResourcesBuildPhase section */

/* Begin PBXShellScriptBuildPhase section */
		13DE558E8365AEBED80FFE03 /* Check Pods Manifest.lock */ = {
			isa = PBXShellScriptBuildPhase;
			buildActionMask = 2147483647;
			files = (
			);
			inputPaths = (
			);
			name = "Check Pods Manifest.lock";
			outputPaths = (
			);
			runOnlyForDeploymentPostprocessing = 0;
			shellPath = /bin/sh;
			shellScript = "diff \"${PODS_ROOT}/../Podfile.lock\" \"${PODS_ROOT}/Manifest.lock\" > /dev/null\nif [[ $? != 0 ]] ; then\n    cat << EOM\nerror: The sandbox is not in sync with the Podfile.lock. Run 'pod install' or update your CocoaPods installation.\nEOM\n    exit 1\nfi\n";
			showEnvVarsInLog = 0;
		};
		228EDCFEA995EB27BDC18CE5 /* Check Pods Manifest.lock */ = {
			isa = PBXShellScriptBuildPhase;
			buildActionMask = 2147483647;
			files = (
			);
			inputPaths = (
			);
			name = "Check Pods Manifest.lock";
			outputPaths = (
			);
			runOnlyForDeploymentPostprocessing = 0;
			shellPath = /bin/sh;
			shellScript = "diff \"${PODS_ROOT}/../Podfile.lock\" \"${PODS_ROOT}/Manifest.lock\" > /dev/null\nif [[ $? != 0 ]] ; then\n    cat << EOM\nerror: The sandbox is not in sync with the Podfile.lock. Run 'pod install' or update your CocoaPods installation.\nEOM\n    exit 1\nfi\n";
			showEnvVarsInLog = 0;
		};
		2F9D31D90C6D1CF2276E1766 /* Copy Pods Resources */ = {
			isa = PBXShellScriptBuildPhase;
			buildActionMask = 2147483647;
			files = (
			);
			inputPaths = (
			);
			name = "Copy Pods Resources";
			outputPaths = (
			);
			runOnlyForDeploymentPostprocessing = 0;
			shellPath = /bin/sh;
			shellScript = "\"${SRCROOT}/Pods/Target Support Files/Pods-LoLBookOfChampionsTests/Pods-LoLBookOfChampionsTests-resources.sh\"\n";
			showEnvVarsInLog = 0;
		};
		3F0C51540019C5BDDB179487 /* Embed Pods Frameworks */ = {
			isa = PBXShellScriptBuildPhase;
			buildActionMask = 2147483647;
			files = (
			);
			inputPaths = (
			);
			name = "Embed Pods Frameworks";
			outputPaths = (
			);
			runOnlyForDeploymentPostprocessing = 0;
			shellPath = /bin/sh;
			shellScript = "\"${SRCROOT}/Pods/Target Support Files/Pods-LoLBookOfChampions/Pods-LoLBookOfChampions-frameworks.sh\"\n";
			showEnvVarsInLog = 0;
		};
		A5771AE61B80C26500CD4E70 /* ShellScript */ = {
			isa = PBXShellScriptBuildPhase;
			buildActionMask = 2147483647;
			files = (
			);
			inputPaths = (
				"$(SRCROOT)/Carthage/Build/iOS/Alamofire.framework",
				"$(SRCROOT)/Carthage/Build/iOS/CocoaLumberjackSwift.framework",
				"$(SRCROOT)/Carthage/Build/iOS/fmdbframework.framework",
				"$(SRCROOT)/Carthage/Build/iOS/LoLDataDragonContentProvider.framework",
				"$(SRCROOT)/Carthage/Build/iOS/ReactiveCocoa.framework",
				"$(SRCROOT)/Carthage/Build/iOS/Result.framework",
				"$(SRCROOT)/Carthage/Build/iOS/SwiftAdaptersFMDB.framework",
				"$(SRCROOT)/Carthage/Build/iOS/SwiftContentProvider.framework",
				"$(SRCROOT)/Carthage/Build/iOS/SwiftProtocolsCore.framework",
				"$(SRCROOT)/Carthage/Build/iOS/SwiftProtocolsSQLite.framework",
				"$(SRCROOT)/Carthage/Build/iOS/Typhoon.framework",
				"$(SRCROOT)/Carthage/Build/iOS/CocoaLumberjack.framework",
			);
			outputPaths = (
			);
			runOnlyForDeploymentPostprocessing = 0;
			shellPath = /bin/sh;
			shellScript = "/usr/local/bin/carthage copy-frameworks";
		};
		B241B7F48F870FFADA5E9E7B /* Embed Pods Frameworks */ = {
			isa = PBXShellScriptBuildPhase;
			buildActionMask = 2147483647;
			files = (
			);
			inputPaths = (
			);
			name = "Embed Pods Frameworks";
			outputPaths = (
			);
			runOnlyForDeploymentPostprocessing = 0;
			shellPath = /bin/sh;
			shellScript = "\"${SRCROOT}/Pods/Target Support Files/Pods-LoLBookOfChampionsTests/Pods-LoLBookOfChampionsTests-frameworks.sh\"\n";
			showEnvVarsInLog = 0;
		};
		F058B72AB1689809050D8730 /* Copy Pods Resources */ = {
			isa = PBXShellScriptBuildPhase;
			buildActionMask = 2147483647;
			files = (
			);
			inputPaths = (
			);
			name = "Copy Pods Resources";
			outputPaths = (
			);
			runOnlyForDeploymentPostprocessing = 0;
			shellPath = /bin/sh;
			shellScript = "\"${SRCROOT}/Pods/Target Support Files/Pods-LoLBookOfChampions/Pods-LoLBookOfChampions-resources.sh\"\n";
			showEnvVarsInLog = 0;
		};
/* End PBXShellScriptBuildPhase section */

/* Begin PBXSourcesBuildPhase section */
		A5B499471C7E954200DA89B5 /* Sources */ = {
			isa = PBXSourcesBuildPhase;
			buildActionMask = 2147483647;
			files = (
				A5B4996D1C81E65500DA89B5 /* NimbleNogginConfiguration.swift in Sources */,
				A5B4994E1C7E954200DA89B5 /* LoLBookOfChampionsSmokeTests.swift in Sources */,
				54C1860E5E2D6777D6B11218 /* LoLBookOfChampionsSmokeTestSpec.swift in Sources */,
			);
			runOnlyForDeploymentPostprocessing = 0;
		};
		A5D3B08D1B2FBE8300693C09 /* Sources */ = {
			isa = PBXSourcesBuildPhase;
			buildActionMask = 2147483647;
			files = (
				A5771B1D1B8154CE00CD4E70 /* CoreAssembly.swift in Sources */,
				A50B42BD1B8F2373007CD2AC /* Signals.swift in Sources */,
				A5771B1B1B81549600CD4E70 /* DataDragonAssembly.swift in Sources */,
				A59F554C1B88AAE000022E74 /* TyphoonContentProviderFactory.swift in Sources */,
				A506732B1B92978400448777 /* ChampionSkinCollectionViewController.swift in Sources */,
				A5771B191B81546600CD4E70 /* ApplicationAssembly.swift in Sources */,
				A5771B0D1B8127E400CD4E70 /* ChampionCollectionViewController.swift in Sources */,
				A5D3B0971B2FBE8300693C09 /* AppDelegate.swift in Sources */,
				54C1804902F4FADC8E9319D9 /* Actions.swift in Sources */,
			);
			runOnlyForDeploymentPostprocessing = 0;
		};
		A5D3B0A21B2FBE8300693C09 /* Sources */ = {
			isa = PBXSourcesBuildPhase;
			buildActionMask = 2147483647;
			files = (
				A5D3B0AD1B2FBE8300693C09 /* LoLBookOfChampionsTests.swift in Sources */,
			);
			runOnlyForDeploymentPostprocessing = 0;
		};
/* End PBXSourcesBuildPhase section */

/* Begin PBXTargetDependency section */
		A5B499511C7E954200DA89B5 /* PBXTargetDependency */ = {
			isa = PBXTargetDependency;
			target = A5D3B0901B2FBE8300693C09 /* LoLBookOfChampions */;
			targetProxy = A5B499501C7E954200DA89B5 /* PBXContainerItemProxy */;
		};
		A5D3B0A81B2FBE8300693C09 /* PBXTargetDependency */ = {
			isa = PBXTargetDependency;
			target = A5D3B0901B2FBE8300693C09 /* LoLBookOfChampions */;
			targetProxy = A5D3B0A71B2FBE8300693C09 /* PBXContainerItemProxy */;
		};
/* End PBXTargetDependency section */

/* Begin PBXVariantGroup section */
		A5D3B09A1B2FBE8300693C09 /* Main.storyboard */ = {
			isa = PBXVariantGroup;
			children = (
				A5D3B09B1B2FBE8300693C09 /* Base */,
			);
			name = Main.storyboard;
			path = ..;
			sourceTree = "<group>";
		};
		A5D3B09F1B2FBE8300693C09 /* LaunchScreen.xib */ = {
			isa = PBXVariantGroup;
			children = (
				A5D3B0A01B2FBE8300693C09 /* Base */,
			);
			name = LaunchScreen.xib;
			path = ..;
			sourceTree = "<group>";
		};
/* End PBXVariantGroup section */

/* Begin XCBuildConfiguration section */
		A5B499521C7E954200DA89B5 /* Debug */ = {
			isa = XCBuildConfiguration;
			buildSettings = {
				DEBUG_INFORMATION_FORMAT = dwarf;
				ENABLE_TESTABILITY = YES;
				FRAMEWORK_SEARCH_PATHS = (
					"$(inherited)",
					"$(PROJECT_DIR)/Carthage/Build/iOS",
				);
				INFOPLIST_FILE = LoLBookOfChampionsUITests/Info.plist;
				IPHONEOS_DEPLOYMENT_TARGET = 9.2;
				LD_RUNPATH_SEARCH_PATHS = "$(inherited) @executable_path/Frameworks @loader_path/Frameworks";
				PRODUCT_BUNDLE_IDENTIFIER = io.nimblenoggin.LoLBookOfChampionsSwiftUITests;
				PRODUCT_NAME = "$(TARGET_NAME)";
				TEST_TARGET_NAME = LoLBookOfChampions;
				USES_XCTRUNNER = YES;
			};
			name = Debug;
		};
		A5B499531C7E954200DA89B5 /* Release */ = {
			isa = XCBuildConfiguration;
			buildSettings = {
				FRAMEWORK_SEARCH_PATHS = (
					"$(inherited)",
					"$(PROJECT_DIR)/Carthage/Build/iOS",
				);
				INFOPLIST_FILE = LoLBookOfChampionsUITests/Info.plist;
				IPHONEOS_DEPLOYMENT_TARGET = 9.2;
				LD_RUNPATH_SEARCH_PATHS = "$(inherited) @executable_path/Frameworks @loader_path/Frameworks";
				PRODUCT_BUNDLE_IDENTIFIER = io.nimblenoggin.LoLBookOfChampionsSwiftUITests;
				PRODUCT_NAME = "$(TARGET_NAME)";
				TEST_TARGET_NAME = LoLBookOfChampions;
				USES_XCTRUNNER = YES;
			};
			name = Release;
		};
		A5D3B0AE1B2FBE8300693C09 /* Debug */ = {
			isa = XCBuildConfiguration;
			buildSettings = {
				ALWAYS_SEARCH_USER_PATHS = NO;
				CLANG_CXX_LANGUAGE_STANDARD = "gnu++0x";
				CLANG_CXX_LIBRARY = "libc++";
				CLANG_ENABLE_MODULES = YES;
				CLANG_ENABLE_OBJC_ARC = YES;
				CLANG_WARN_BOOL_CONVERSION = YES;
				CLANG_WARN_CONSTANT_CONVERSION = YES;
				CLANG_WARN_DIRECT_OBJC_ISA_USAGE = YES_ERROR;
				CLANG_WARN_EMPTY_BODY = YES;
				CLANG_WARN_ENUM_CONVERSION = YES;
				CLANG_WARN_INT_CONVERSION = YES;
				CLANG_WARN_OBJC_ROOT_CLASS = YES_ERROR;
				CLANG_WARN_UNREACHABLE_CODE = YES;
				CLANG_WARN__DUPLICATE_METHOD_MATCH = YES;
				"CODE_SIGN_IDENTITY[sdk=iphoneos*]" = "iPhone Developer";
				COPY_PHASE_STRIP = NO;
				DEBUG_INFORMATION_FORMAT = "dwarf-with-dsym";
				ENABLE_STRICT_OBJC_MSGSEND = YES;
				GCC_C_LANGUAGE_STANDARD = gnu99;
				GCC_DYNAMIC_NO_PIC = NO;
				GCC_NO_COMMON_BLOCKS = YES;
				GCC_OPTIMIZATION_LEVEL = 0;
				GCC_PREPROCESSOR_DEFINITIONS = (
					"DEBUG=1",
					"$(inherited)",
				);
				GCC_SYMBOLS_PRIVATE_EXTERN = NO;
				GCC_WARN_64_TO_32_BIT_CONVERSION = YES;
				GCC_WARN_ABOUT_RETURN_TYPE = YES_ERROR;
				GCC_WARN_UNDECLARED_SELECTOR = YES;
				GCC_WARN_UNINITIALIZED_AUTOS = YES_AGGRESSIVE;
				GCC_WARN_UNUSED_FUNCTION = YES;
				GCC_WARN_UNUSED_VARIABLE = YES;
				IPHONEOS_DEPLOYMENT_TARGET = 9.0;
				MTL_ENABLE_DEBUG_INFO = YES;
				ONLY_ACTIVE_ARCH = YES;
				SDKROOT = iphoneos;
				SWIFT_OPTIMIZATION_LEVEL = "-Onone";
				TARGETED_DEVICE_FAMILY = "1,2";
			};
			name = Debug;
		};
		A5D3B0AF1B2FBE8300693C09 /* Release */ = {
			isa = XCBuildConfiguration;
			buildSettings = {
				ALWAYS_SEARCH_USER_PATHS = NO;
				CLANG_CXX_LANGUAGE_STANDARD = "gnu++0x";
				CLANG_CXX_LIBRARY = "libc++";
				CLANG_ENABLE_MODULES = YES;
				CLANG_ENABLE_OBJC_ARC = YES;
				CLANG_WARN_BOOL_CONVERSION = YES;
				CLANG_WARN_CONSTANT_CONVERSION = YES;
				CLANG_WARN_DIRECT_OBJC_ISA_USAGE = YES_ERROR;
				CLANG_WARN_EMPTY_BODY = YES;
				CLANG_WARN_ENUM_CONVERSION = YES;
				CLANG_WARN_INT_CONVERSION = YES;
				CLANG_WARN_OBJC_ROOT_CLASS = YES_ERROR;
				CLANG_WARN_UNREACHABLE_CODE = YES;
				CLANG_WARN__DUPLICATE_METHOD_MATCH = YES;
				"CODE_SIGN_IDENTITY[sdk=iphoneos*]" = "iPhone Developer";
				COPY_PHASE_STRIP = NO;
				DEBUG_INFORMATION_FORMAT = "dwarf-with-dsym";
				ENABLE_NS_ASSERTIONS = NO;
				ENABLE_STRICT_OBJC_MSGSEND = YES;
				GCC_C_LANGUAGE_STANDARD = gnu99;
				GCC_NO_COMMON_BLOCKS = YES;
				GCC_WARN_64_TO_32_BIT_CONVERSION = YES;
				GCC_WARN_ABOUT_RETURN_TYPE = YES_ERROR;
				GCC_WARN_UNDECLARED_SELECTOR = YES;
				GCC_WARN_UNINITIALIZED_AUTOS = YES_AGGRESSIVE;
				GCC_WARN_UNUSED_FUNCTION = YES;
				GCC_WARN_UNUSED_VARIABLE = YES;
				IPHONEOS_DEPLOYMENT_TARGET = 9.0;
				MTL_ENABLE_DEBUG_INFO = NO;
				SDKROOT = iphoneos;
				TARGETED_DEVICE_FAMILY = "1,2";
				VALIDATE_PRODUCT = YES;
			};
			name = Release;
		};
		A5D3B0B11B2FBE8300693C09 /* Debug */ = {
			isa = XCBuildConfiguration;
			baseConfigurationReference = 140A812125737AA6AC7B06C1 /* Pods-LoLBookOfChampions.debug.xcconfig */;
			buildSettings = {
				ASSETCATALOG_COMPILER_APPICON_NAME = AppIcon;
				CODE_SIGN_IDENTITY = "iPhone Developer";
				"CODE_SIGN_IDENTITY[sdk=iphoneos*]" = "iPhone Developer";
				FRAMEWORK_SEARCH_PATHS = (
					"$(inherited)",
					"$(SRCROOT)/**",
					"$(PROJECT_DIR)/Carthage/Build/iOS",
				);
				INFOPLIST_FILE = "LoLBookOfChampions/Supporting Files/Info.plist";
				IPHONEOS_DEPLOYMENT_TARGET = 8.0;
				LD_RUNPATH_SEARCH_PATHS = "$(inherited) @executable_path/Frameworks";
				PRODUCT_NAME = "$(TARGET_NAME)";
				PROVISIONING_PROFILE = "";
				SWIFT_OBJC_BRIDGING_HEADER = "LoLBookOfChampions/Supporting Files/LoLBookOfChampions-Bridging-Header.h";
			};
			name = Debug;
		};
		A5D3B0B21B2FBE8300693C09 /* Release */ = {
			isa = XCBuildConfiguration;
			baseConfigurationReference = 96DEE882BA24069F3C3EB983 /* Pods-LoLBookOfChampions.release.xcconfig */;
			buildSettings = {
				ASSETCATALOG_COMPILER_APPICON_NAME = AppIcon;
				CODE_SIGN_IDENTITY = "iPhone Developer";
				"CODE_SIGN_IDENTITY[sdk=iphoneos*]" = "iPhone Developer";
				FRAMEWORK_SEARCH_PATHS = (
					"$(inherited)",
					"$(SRCROOT)/**",
					"$(PROJECT_DIR)/Carthage/Build/iOS",
				);
				INFOPLIST_FILE = "LoLBookOfChampions/Supporting Files/Info.plist";
				IPHONEOS_DEPLOYMENT_TARGET = 8.0;
				LD_RUNPATH_SEARCH_PATHS = "$(inherited) @executable_path/Frameworks";
				PRODUCT_NAME = "$(TARGET_NAME)";
				PROVISIONING_PROFILE = "";
				SWIFT_OBJC_BRIDGING_HEADER = "LoLBookOfChampions/Supporting Files/LoLBookOfChampions-Bridging-Header.h";
			};
			name = Release;
		};
		A5D3B0B41B2FBE8300693C09 /* Debug */ = {
			isa = XCBuildConfiguration;
			baseConfigurationReference = DB1ED2ECF917FF3716FDBB22 /* Pods-LoLBookOfChampionsTests.debug.xcconfig */;
			buildSettings = {
				BUNDLE_LOADER = "$(TEST_HOST)";
				FRAMEWORK_SEARCH_PATHS = (
					"$(SDKROOT)/Developer/Library/Frameworks",
					"$(inherited)",
				);
				GCC_PREPROCESSOR_DEFINITIONS = (
					"DEBUG=1",
					"$(inherited)",
				);
				INFOPLIST_FILE = LoLBookOfChampionsTests/Info.plist;
				LD_RUNPATH_SEARCH_PATHS = "$(inherited) @executable_path/Frameworks @loader_path/Frameworks";
				PRODUCT_NAME = "$(TARGET_NAME)";
				TEST_HOST = "$(BUILT_PRODUCTS_DIR)/LoLBookOfChampions.app/LoLBookOfChampions";
			};
			name = Debug;
		};
		A5D3B0B51B2FBE8300693C09 /* Release */ = {
			isa = XCBuildConfiguration;
			baseConfigurationReference = 817912CE85F853832185BD36 /* Pods-LoLBookOfChampionsTests.release.xcconfig */;
			buildSettings = {
				BUNDLE_LOADER = "$(TEST_HOST)";
				FRAMEWORK_SEARCH_PATHS = (
					"$(SDKROOT)/Developer/Library/Frameworks",
					"$(inherited)",
				);
				INFOPLIST_FILE = LoLBookOfChampionsTests/Info.plist;
				LD_RUNPATH_SEARCH_PATHS = "$(inherited) @executable_path/Frameworks @loader_path/Frameworks";
				PRODUCT_NAME = "$(TARGET_NAME)";
				TEST_HOST = "$(BUILT_PRODUCTS_DIR)/LoLBookOfChampions.app/LoLBookOfChampions";
			};
			name = Release;
		};
/* End XCBuildConfiguration section */

/* Begin XCConfigurationList section */
		A5B499561C7E954200DA89B5 /* Build configuration list for PBXNativeTarget "LoLBookOfChampionsUITests" */ = {
			isa = XCConfigurationList;
			buildConfigurations = (
				A5B499521C7E954200DA89B5 /* Debug */,
				A5B499531C7E954200DA89B5 /* Release */,
			);
			defaultConfigurationIsVisible = 0;
			defaultConfigurationName = Release;
		};
		A5D3B08C1B2FBE8300693C09 /* Build configuration list for PBXProject "LoLBookOfChampions" */ = {
			isa = XCConfigurationList;
			buildConfigurations = (
				A5D3B0AE1B2FBE8300693C09 /* Debug */,
				A5D3B0AF1B2FBE8300693C09 /* Release */,
			);
			defaultConfigurationIsVisible = 0;
			defaultConfigurationName = Release;
		};
		A5D3B0B01B2FBE8300693C09 /* Build configuration list for PBXNativeTarget "LoLBookOfChampions" */ = {
			isa = XCConfigurationList;
			buildConfigurations = (
				A5D3B0B11B2FBE8300693C09 /* Debug */,
				A5D3B0B21B2FBE8300693C09 /* Release */,
			);
			defaultConfigurationIsVisible = 0;
			defaultConfigurationName = Release;
		};
		A5D3B0B31B2FBE8300693C09 /* Build configuration list for PBXNativeTarget "LoLBookOfChampionsTests" */ = {
			isa = XCConfigurationList;
			buildConfigurations = (
				A5D3B0B41B2FBE8300693C09 /* Debug */,
				A5D3B0B51B2FBE8300693C09 /* Release */,
			);
			defaultConfigurationIsVisible = 0;
			defaultConfigurationName = Release;
		};
/* End XCConfigurationList section */
	};
	rootObject = A5D3B0891B2FBE8300693C09 /* Project object */;
}
